
Microsoft Visual Studio Solution File, Format Version 12.00
# Visual Studio Version 17
VisualStudioVersion = 17.5.002.0
MinimumVisualStudioVersion = 10.0.40219.1
Project("{9A19103F-16F7-4668-BE54-9A1E7A4F7556}") = "BankingApp", "BankingApp.csproj", "{9E8B5D89-F839-43A9-AFB4-67CB4EE9E5D9}"
EndProject
Global
	GlobalSection(SolutionConfigurationPlatforms) = preSolution
		Debug|Any CPU = Debug|Any CPU
		Release|Any CPU = Release|Any CPU
	EndGlobalSection
	GlobalSection(ProjectConfigurationPlatforms) = postSolution
		{9E8B5D89-F839-43A9-AFB4-67CB4EE9E5D9}.Debug|Any CPU.ActiveCfg = Debug|Any CPU
		{9E8B5D89-F839-43A9-AFB4-67CB4EE9E5D9}.Debug|Any CPU.Build.0 = Debug|Any CPU
		{9E8B5D89-F839-43A9-AFB4-67CB4EE9E5D9}.Release|Any CPU.ActiveCfg = Release|Any CPU
		{9E8B5D89-F839-43A9-AFB4-67CB4EE9E5D9}.Release|Any CPU.Build.0 = Release|Any CPU
	EndGlobalSection
	GlobalSection(SolutionProperties) = preSolution
		HideSolutionNode = FALSE
	EndGlobalSection
	GlobalSection(ExtensibilityGlobals) = postSolution
		SolutionGuid = {675573E4-0B22-4A64-990C-8FCCF1356393}
	EndGlobalSection
EndGlobal
